
Microsoft Visual Studio Solution File, Format Version 12.00
# Visual Studio 14
VisualStudioVersion = 14.0.24720.0
MinimumVisualStudioVersion = 10.0.40219.1
Project("{FAE04EC0-301F-11D3-BF4B-00C04F79EFBC}") = "WikiDora", "WikiDora\WikiDora.csproj", "{8102056C-081C-4EB6-B3B1-1F6ED281E64C}"
EndProject
Global
	GlobalSection(SolutionConfigurationPlatforms) = preSolution
		Debug|Any CPU = Debug|Any CPU
		Release|Any CPU = Release|Any CPU
	EndGlobalSection
	GlobalSection(ProjectConfigurationPlatforms) = postSolution
		{8102056C-081C-4EB6-B3B1-1F6ED281E64C}.Debug|Any CPU.ActiveCfg = Debug|Any CPU
		{8102056C-081C-4EB6-B3B1-1F6ED281E64C}.Debug|Any CPU.Build.0 = Debug|Any CPU
		{8102056C-081C-4EB6-B3B1-1F6ED281E64C}.Release|Any CPU.ActiveCfg = Release|Any CPU
		{8102056C-081C-4EB6-B3B1-1F6ED281E64C}.Release|Any CPU.Build.0 = Release|Any CPU
	EndGlobalSection
	GlobalSection(SolutionProperties) = preSolution
		HideSolutionNode = FALSE
	EndGlobalSection
EndGlobal
